{"payload":{"allShortcutsEnabled":true,"fileTree":{"mobile-app/ios/mlDemo.xcodeproj/xcshareddata/xcschemes":{"items":[{"name":"mlDemo.xcscheme","path":"mobile-app/ios/mlDemo.xcodeproj/xcshareddata/xcschemes/mlDemo.xcscheme","contentType":"file"}],"totalCount":1},"mobile-app/ios/mlDemo.xcodeproj/xcshareddata":{"items":[{"name":"xcschemes","path":"mobile-app/ios/mlDemo.xcodeproj/xcshareddata/xcschemes","contentType":"directory"}],"totalCount":1},"mobile-app/ios/mlDemo.xcodeproj":{"items":[{"name":"xcshareddata","path":"mobile-app/ios/mlDemo.xcodeproj/xcshareddata","contentType":"directory"},{"name":"project.pbxproj","path":"mobile-app/ios/mlDemo.xcodeproj/project.pbxproj","contentType":"file"}],"totalCount":2},"mobile-app/ios":{"items":[{"name":"fonts","path":"mobile-app/ios/fonts","contentType":"directory"},{"name":"mlDemo.xcodeproj","path":"mobile-app/ios/mlDemo.xcodeproj","contentType":"directory"},{"name":"mlDemo.xcworkspace","path":"mobile-app/ios/mlDemo.xcworkspace","contentType":"directory"},{"name":"mlDemo","path":"mobile-app/ios/mlDemo","contentType":"directory"},{"name":"mlDemoTests","path":"mobile-app/ios/mlDemoTests","contentType":"directory"},{"name":"Podfile","path":"mobile-app/ios/Podfile","contentType":"file"},{"name":"Podfile.lock","path":"mobile-app/ios/Podfile.lock","contentType":"file"},{"name":"Roboto-Bold.ttf","path":"mobile-app/ios/Roboto-Bold.ttf","contentType":"file"}],"totalCount":8},"mobile-app":{"items":[{"name":"__tests__","path":"mobile-app/__tests__","contentType":"directory"},{"name":"android","path":"mobile-app/android","contentType":"directory"},{"name":"ios","path":"mobile-app/ios","contentType":"directory"},{"name":".buckconfig","path":"mobile-app/.buckconfig","contentType":"file"},{"name":".editorconfig","path":"mobile-app/.editorconfig","contentType":"file"},{"name":".env.example","path":"mobile-app/.env.example","contentType":"file"},{"name":".eslintrc.js","path":"mobile-app/.eslintrc.js","contentType":"file"},{"name":".flowconfig","path":"mobile-app/.flowconfig","contentType":"file"},{"name":".gitattributes","path":"mobile-app/.gitattributes","contentType":"file"},{"name":".gitignore","path":"mobile-app/.gitignore","contentType":"file"},{"name":".prettierrc.js","path":"mobile-app/.prettierrc.js","contentType":"file"},{"name":".watchmanconfig","path":"mobile-app/.watchmanconfig","contentType":"file"},{"name":"App.js","path":"mobile-app/App.js","contentType":"file"},{"name":"Permissions.js","path":"mobile-app/Permissions.js","contentType":"file"},{"name":"app.json","path":"mobile-app/app.json","contentType":"file"},{"name":"babel.config.js","path":"mobile-app/babel.config.js","contentType":"file"},{"name":"index.js","path":"mobile-app/index.js","contentType":"file"},{"name":"metro.config.js","path":"mobile-app/metro.config.js","contentType":"file"},{"name":"package.json","path":"mobile-app/package.json","contentType":"file"},{"name":"yarn.lock","path":"mobile-app/yarn.lock","contentType":"file"}],"totalCount":20},"":{"items":[{"name":"api","path":"api","contentType":"directory"},{"name":"frontend","path":"frontend","contentType":"directory"},{"name":"gcp","path":"gcp","contentType":"directory"},{"name":"mobile-app","path":"mobile-app","contentType":"directory"},{"name":"saved_models","path":"saved_models","contentType":"directory"},{"name":"test_images_from_internet","path":"test_images_from_internet","contentType":"directory"},{"name":"tf-lite-models","path":"tf-lite-models","contentType":"directory"},{"name":"training","path":"training","contentType":"directory"},{"name":".gcloudignore","path":".gcloudignore","contentType":"file"},{"name":".gitignore","path":".gitignore","contentType":"file"},{"name":"README.md","path":"README.md","contentType":"file"},{"name":"models.config.example","path":"models.config.example","contentType":"file"},{"name":"potatoes.h5","path":"potatoes.h5","contentType":"file"}],"totalCount":13}},"fileTreeProcessingTime":24.324624,"foldersToFetch":[],"reducedMotionEnabled":"system","repo":{"id":381362679,"defaultBranch":"main","name":"potato-disease-classification","ownerLogin":"codebasics","currentUserCanPush":false,"isFork":false,"isEmpty":false,"createdAt":"2021-06-29T18:18:39.000+05:30","ownerAvatar":"https://avatars.githubusercontent.com/u/16063416?v=4","public":true,"private":false,"isOrgOwned":true},"refInfo":{"name":"main","listCacheKey":"v0:1624970920.249391","canEdit":true,"refType":"branch","currentOid":"c1960a19cb6973f3b0778ae484f2b099b5d89df6"},"path":"mobile-app/ios/mlDemo.xcodeproj/xcshareddata/xcschemes/mlDemo.xcscheme","currentUser":{"id":138309651,"login":"AlgoGenius422","userEmail":"officialamit558@gmail.com"},"blob":{"rawBlob":"<?xml version=\"1.0\" encoding=\"UTF-8\"?>\n<Scheme\n   LastUpgradeVersion = \"1210\"\n   version = \"1.3\">\n   <BuildAction\n      parallelizeBuildables = \"YES\"\n      buildImplicitDependencies = \"YES\">\n      <BuildActionEntries>\n         <BuildActionEntry\n            buildForTesting = \"YES\"\n            buildForRunning = \"YES\"\n            buildForProfiling = \"YES\"\n            buildForArchiving = \"YES\"\n            buildForAnalyzing = \"YES\">\n            <BuildableReference\n               BuildableIdentifier = \"primary\"\n               BlueprintIdentifier = \"13B07F861A680F5B00A75B9A\"\n               BuildableName = \"mlDemo.app\"\n               BlueprintName = \"mlDemo\"\n               ReferencedContainer = \"container:mlDemo.xcodeproj\">\n            </BuildableReference>\n         </BuildActionEntry>\n      </BuildActionEntries>\n   </BuildAction>\n   <TestAction\n      buildConfiguration = \"Debug\"\n      selectedDebuggerIdentifier = \"Xcode.DebuggerFoundation.Debugger.LLDB\"\n      selectedLauncherIdentifier = \"Xcode.DebuggerFoundation.Launcher.LLDB\"\n      shouldUseLaunchSchemeArgsEnv = \"YES\">\n      <Testables>\n         <TestableReference\n            skipped = \"NO\">\n            <BuildableReference\n               BuildableIdentifier = \"primary\"\n               BlueprintIdentifier = \"00E356ED1AD99517003FC87E\"\n               BuildableName = \"mlDemoTests.xctest\"\n               BlueprintName = \"mlDemoTests\"\n               ReferencedContainer = \"container:mlDemo.xcodeproj\">\n            </BuildableReference>\n         </TestableReference>\n      </Testables>\n   </TestAction>\n   <LaunchAction\n      buildConfiguration = \"Debug\"\n      selectedDebuggerIdentifier = \"Xcode.DebuggerFoundation.Debugger.LLDB\"\n      selectedLauncherIdentifier = \"Xcode.DebuggerFoundation.Launcher.LLDB\"\n      launchStyle = \"0\"\n      useCustomWorkingDirectory = \"NO\"\n      ignoresPersistentStateOnLaunch = \"NO\"\n      debugDocumentVersioning = \"YES\"\n      debugServiceExtension = \"internal\"\n      allowLocationSimulation = \"YES\">\n      <BuildableProductRunnable\n         runnableDebuggingMode = \"0\">\n         <BuildableReference\n            BuildableIdentifier = \"primary\"\n            BlueprintIdentifier = \"13B07F861A680F5B00A75B9A\"\n            BuildableName = \"mlDemo.app\"\n            BlueprintName = \"mlDemo\"\n            ReferencedContainer = \"container:mlDemo.xcodeproj\">\n         </BuildableReference>\n      </BuildableProductRunnable>\n   </LaunchAction>\n   <ProfileAction\n      buildConfiguration = \"Release\"\n      shouldUseLaunchSchemeArgsEnv = \"YES\"\n      savedToolIdentifier = \"\"\n      useCustomWorkingDirectory = \"NO\"\n      debugDocumentVersioning = \"YES\">\n      <BuildableProductRunnable\n         runnableDebuggingMode = \"0\">\n         <BuildableReference\n            BuildableIdentifier = \"primary\"\n            BlueprintIdentifier = \"13B07F861A680F5B00A75B9A\"\n            BuildableName = \"mlDemo.app\"\n            BlueprintName = \"mlDemo\"\n            ReferencedContainer = \"container:mlDemo.xcodeproj\">\n         </BuildableReference>\n      </BuildableProductRunnable>\n   </ProfileAction>\n   <AnalyzeAction\n      buildConfiguration = \"Debug\">\n   </AnalyzeAction>\n   <ArchiveAction\n      buildConfiguration = \"Release\"\n      revealArchiveInOrganizer = \"YES\">\n   </ArchiveAction>\n</Scheme>\n","colorizedLines":null,"stylingDirectives":[[{"start":2,"end":5,"cssClass":"pl-ent"},{"start":5,"end":13,"cssClass":"pl-e"},{"start":14,"end":19,"cssClass":"pl-s"},{"start":14,"end":15,"cssClass":"pl-pds"},{"start":18,"end":19,"cssClass":"pl-pds"},{"start":19,"end":28,"cssClass":"pl-e"},{"start":29,"end":36,"cssClass":"pl-s"},{"start":29,"end":30,"cssClass":"pl-pds"},{"start":35,"end":36,"cssClass":"pl-pds"}],[{"start":1,"end":7,"cssClass":"pl-ent"}],[{"start":24,"end":30,"cssClass":"pl-s"},{"start":24,"end":25,"cssClass":"pl-pds"},{"start":29,"end":30,"cssClass":"pl-pds"}],[{"start":13,"end":18,"cssClass":"pl-s"},{"start":13,"end":14,"cssClass":"pl-pds"},{"start":17,"end":18,"cssClass":"pl-pds"}],[{"start":4,"end":15,"cssClass":"pl-ent"}],[{"start":30,"end":35,"cssClass":"pl-s"},{"start":30,"end":31,"cssClass":"pl-pds"},{"start":34,"end":35,"cssClass":"pl-pds"}],[{"start":34,"end":39,"cssClass":"pl-s"},{"start":34,"end":35,"cssClass":"pl-pds"},{"start":38,"end":39,"cssClass":"pl-pds"}],[{"start":7,"end":25,"cssClass":"pl-ent"}],[{"start":10,"end":26,"cssClass":"pl-ent"}],[{"start":30,"end":35,"cssClass":"pl-s"},{"start":30,"end":31,"cssClass":"pl-pds"},{"start":34,"end":35,"cssClass":"pl-pds"}],[{"start":30,"end":35,"cssClass":"pl-s"},{"start":30,"end":31,"cssClass":"pl-pds"},{"start":34,"end":35,"cssClass":"pl-pds"}],[{"start":32,"end":37,"cssClass":"pl-s"},{"start":32,"end":33,"cssClass":"pl-pds"},{"start":36,"end":37,"cssClass":"pl-pds"}],[{"start":32,"end":37,"cssClass":"pl-s"},{"start":32,"end":33,"cssClass":"pl-pds"},{"start":36,"end":37,"cssClass":"pl-pds"}],[{"start":32,"end":37,"cssClass":"pl-s"},{"start":32,"end":33,"cssClass":"pl-pds"},{"start":36,"end":37,"cssClass":"pl-pds"}],[{"start":13,"end":31,"cssClass":"pl-ent"}],[{"start":37,"end":46,"cssClass":"pl-s"},{"start":37,"end":38,"cssClass":"pl-pds"},{"start":45,"end":46,"cssClass":"pl-pds"}],[{"start":37,"end":63,"cssClass":"pl-s"},{"start":37,"end":38,"cssClass":"pl-pds"},{"start":62,"end":63,"cssClass":"pl-pds"}],[{"start":31,"end":43,"cssClass":"pl-s"},{"start":31,"end":32,"cssClass":"pl-pds"},{"start":42,"end":43,"cssClass":"pl-pds"}],[{"start":31,"end":39,"cssClass":"pl-s"},{"start":31,"end":32,"cssClass":"pl-pds"},{"start":38,"end":39,"cssClass":"pl-pds"}],[{"start":37,"end":65,"cssClass":"pl-s"},{"start":37,"end":38,"cssClass":"pl-pds"},{"start":64,"end":65,"cssClass":"pl-pds"}],[{"start":14,"end":32,"cssClass":"pl-ent"}],[{"start":11,"end":27,"cssClass":"pl-ent"}],[{"start":8,"end":26,"cssClass":"pl-ent"}],[{"start":5,"end":16,"cssClass":"pl-ent"}],[{"start":4,"end":14,"cssClass":"pl-ent"}],[{"start":27,"end":34,"cssClass":"pl-s"},{"start":27,"end":28,"cssClass":"pl-pds"},{"start":33,"end":34,"cssClass":"pl-pds"}],[{"start":35,"end":75,"cssClass":"pl-s"},{"start":35,"end":36,"cssClass":"pl-pds"},{"start":74,"end":75,"cssClass":"pl-pds"}],[{"start":35,"end":75,"cssClass":"pl-s"},{"start":35,"end":36,"cssClass":"pl-pds"},{"start":74,"end":75,"cssClass":"pl-pds"}],[{"start":37,"end":42,"cssClass":"pl-s"},{"start":37,"end":38,"cssClass":"pl-pds"},{"start":41,"end":42,"cssClass":"pl-pds"}],[{"start":7,"end":16,"cssClass":"pl-ent"}],[{"start":10,"end":27,"cssClass":"pl-ent"}],[{"start":22,"end":26,"cssClass":"pl-s"},{"start":22,"end":23,"cssClass":"pl-pds"},{"start":25,"end":26,"cssClass":"pl-pds"}],[{"start":13,"end":31,"cssClass":"pl-ent"}],[{"start":37,"end":46,"cssClass":"pl-s"},{"start":37,"end":38,"cssClass":"pl-pds"},{"start":45,"end":46,"cssClass":"pl-pds"}],[{"start":37,"end":63,"cssClass":"pl-s"},{"start":37,"end":38,"cssClass":"pl-pds"},{"start":62,"end":63,"cssClass":"pl-pds"}],[{"start":31,"end":51,"cssClass":"pl-s"},{"start":31,"end":32,"cssClass":"pl-pds"},{"start":50,"end":51,"cssClass":"pl-pds"}],[{"start":31,"end":44,"cssClass":"pl-s"},{"start":31,"end":32,"cssClass":"pl-pds"},{"start":43,"end":44,"cssClass":"pl-pds"}],[{"start":37,"end":65,"cssClass":"pl-s"},{"start":37,"end":38,"cssClass":"pl-pds"},{"start":64,"end":65,"cssClass":"pl-pds"}],[{"start":14,"end":32,"cssClass":"pl-ent"}],[{"start":11,"end":28,"cssClass":"pl-ent"}],[{"start":8,"end":17,"cssClass":"pl-ent"}],[{"start":5,"end":15,"cssClass":"pl-ent"}],[{"start":4,"end":16,"cssClass":"pl-ent"}],[{"start":27,"end":34,"cssClass":"pl-s"},{"start":27,"end":28,"cssClass":"pl-pds"},{"start":33,"end":34,"cssClass":"pl-pds"}],[{"start":35,"end":75,"cssClass":"pl-s"},{"start":35,"end":36,"cssClass":"pl-pds"},{"start":74,"end":75,"cssClass":"pl-pds"}],[{"start":35,"end":75,"cssClass":"pl-s"},{"start":35,"end":36,"cssClass":"pl-pds"},{"start":74,"end":75,"cssClass":"pl-pds"}],[{"start":20,"end":23,"cssClass":"pl-s"},{"start":20,"end":21,"cssClass":"pl-pds"},{"start":22,"end":23,"cssClass":"pl-pds"}],[{"start":34,"end":38,"cssClass":"pl-s"},{"start":34,"end":35,"cssClass":"pl-pds"},{"start":37,"end":38,"cssClass":"pl-pds"}],[{"start":39,"end":43,"cssClass":"pl-s"},{"start":39,"end":40,"cssClass":"pl-pds"},{"start":42,"end":43,"cssClass":"pl-pds"}],[{"start":32,"end":37,"cssClass":"pl-s"},{"start":32,"end":33,"cssClass":"pl-pds"},{"start":36,"end":37,"cssClass":"pl-pds"}],[{"start":30,"end":40,"cssClass":"pl-s"},{"start":30,"end":31,"cssClass":"pl-pds"},{"start":39,"end":40,"cssClass":"pl-pds"}],[{"start":32,"end":37,"cssClass":"pl-s"},{"start":32,"end":33,"cssClass":"pl-pds"},{"start":36,"end":37,"cssClass":"pl-pds"}],[{"start":7,"end":31,"cssClass":"pl-ent"}],[{"start":33,"end":36,"cssClass":"pl-s"},{"start":33,"end":34,"cssClass":"pl-pds"},{"start":35,"end":36,"cssClass":"pl-pds"}],[{"start":10,"end":28,"cssClass":"pl-ent"}],[{"start":34,"end":43,"cssClass":"pl-s"},{"start":34,"end":35,"cssClass":"pl-pds"},{"start":42,"end":43,"cssClass":"pl-pds"}],[{"start":34,"end":60,"cssClass":"pl-s"},{"start":34,"end":35,"cssClass":"pl-pds"},{"start":59,"end":60,"cssClass":"pl-pds"}],[{"start":28,"end":40,"cssClass":"pl-s"},{"start":28,"end":29,"cssClass":"pl-pds"},{"start":39,"end":40,"cssClass":"pl-pds"}],[{"start":28,"end":36,"cssClass":"pl-s"},{"start":28,"end":29,"cssClass":"pl-pds"},{"start":35,"end":36,"cssClass":"pl-pds"}],[{"start":34,"end":62,"cssClass":"pl-s"},{"start":34,"end":35,"cssClass":"pl-pds"},{"start":61,"end":62,"cssClass":"pl-pds"}],[{"start":11,"end":29,"cssClass":"pl-ent"}],[{"start":8,"end":32,"cssClass":"pl-ent"}],[{"start":5,"end":17,"cssClass":"pl-ent"}],[{"start":4,"end":17,"cssClass":"pl-ent"}],[{"start":27,"end":36,"cssClass":"pl-s"},{"start":27,"end":28,"cssClass":"pl-pds"},{"start":35,"end":36,"cssClass":"pl-pds"}],[{"start":37,"end":42,"cssClass":"pl-s"},{"start":37,"end":38,"cssClass":"pl-pds"},{"start":41,"end":42,"cssClass":"pl-pds"}],[{"start":28,"end":30,"cssClass":"pl-s"},{"start":28,"end":29,"cssClass":"pl-pds"},{"start":29,"end":30,"cssClass":"pl-pds"}],[{"start":34,"end":38,"cssClass":"pl-s"},{"start":34,"end":35,"cssClass":"pl-pds"},{"start":37,"end":38,"cssClass":"pl-pds"}],[{"start":32,"end":37,"cssClass":"pl-s"},{"start":32,"end":33,"cssClass":"pl-pds"},{"start":36,"end":37,"cssClass":"pl-pds"}],[{"start":7,"end":31,"cssClass":"pl-ent"}],[{"start":33,"end":36,"cssClass":"pl-s"},{"start":33,"end":34,"cssClass":"pl-pds"},{"start":35,"end":36,"cssClass":"pl-pds"}],[{"start":10,"end":28,"cssClass":"pl-ent"}],[{"start":34,"end":43,"cssClass":"pl-s"},{"start":34,"end":35,"cssClass":"pl-pds"},{"start":42,"end":43,"cssClass":"pl-pds"}],[{"start":34,"end":60,"cssClass":"pl-s"},{"start":34,"end":35,"cssClass":"pl-pds"},{"start":59,"end":60,"cssClass":"pl-pds"}],[{"start":28,"end":40,"cssClass":"pl-s"},{"start":28,"end":29,"cssClass":"pl-pds"},{"start":39,"end":40,"cssClass":"pl-pds"}],[{"start":28,"end":36,"cssClass":"pl-s"},{"start":28,"end":29,"cssClass":"pl-pds"},{"start":35,"end":36,"cssClass":"pl-pds"}],[{"start":34,"end":62,"cssClass":"pl-s"},{"start":34,"end":35,"cssClass":"pl-pds"},{"start":61,"end":62,"cssClass":"pl-pds"}],[{"start":11,"end":29,"cssClass":"pl-ent"}],[{"start":8,"end":32,"cssClass":"pl-ent"}],[{"start":5,"end":18,"cssClass":"pl-ent"}],[{"start":4,"end":17,"cssClass":"pl-ent"}],[{"start":27,"end":34,"cssClass":"pl-s"},{"start":27,"end":28,"cssClass":"pl-pds"},{"start":33,"end":34,"cssClass":"pl-pds"}],[{"start":5,"end":18,"cssClass":"pl-ent"}],[{"start":4,"end":17,"cssClass":"pl-ent"}],[{"start":27,"end":36,"cssClass":"pl-s"},{"start":27,"end":28,"cssClass":"pl-pds"},{"start":35,"end":36,"cssClass":"pl-pds"}],[{"start":33,"end":38,"cssClass":"pl-s"},{"start":33,"end":34,"cssClass":"pl-pds"},{"start":37,"end":38,"cssClass":"pl-pds"}],[{"start":5,"end":18,"cssClass":"pl-ent"}],[{"start":2,"end":8,"cssClass":"pl-ent"}]],"csv":null,"csvError":null,"dependabotInfo":{"showConfigurationBanner":false,"configFilePath":null,"networkDependabotPath":"/codebasics/potato-disease-classification/network/updates","dismissConfigurationNoticePath":"/settings/dismiss-notice/dependabot_configuration_notice","configurationNoticeDismissed":false,"repoAlertsPath":"/codebasics/potato-disease-classification/security/dependabot","repoSecurityAndAnalysisPath":"/codebasics/potato-disease-classification/settings/security_analysis","repoOwnerIsOrg":true,"currentUserCanAdminRepo":false},"displayName":"mlDemo.xcscheme","displayUrl":"https://github.com/codebasics/potato-disease-classification/blob/main/mobile-app/ios/mlDemo.xcodeproj/xcshareddata/xcschemes/mlDemo.xcscheme?raw=true","headerInfo":{"blobSize":"3.18 KB","deleteInfo":{"deletePath":"https://github.com/codebasics/potato-disease-classification/delete/main/mobile-app/ios/mlDemo.xcodeproj/xcshareddata/xcschemes/mlDemo.xcscheme","deleteTooltip":"Fork this repository and delete the file"},"editInfo":{"editTooltip":"Fork this repository and edit the file"},"ghDesktopPath":"https://desktop.github.com","gitLfsPath":null,"onBranch":true,"shortPath":"87f077b","siteNavLoginPath":"/login?return_to=https%3A%2F%2Fgithub.com%2Fcodebasics%2Fpotato-disease-classification%2Fblob%2Fmain%2Fmobile-app%2Fios%2FmlDemo.xcodeproj%2Fxcshareddata%2Fxcschemes%2FmlDemo.xcscheme","isCSV":false,"isRichtext":false,"toc":null,"lineInfo":{"truncatedLoc":"88","truncatedSloc":"88"},"mode":"file"},"image":false,"isCodeownersFile":null,"isValidLegacyIssueTemplate":false,"issueTemplateHelpUrl":"https://docs.github.com/articles/about-issue-and-pull-request-templates","issueTemplate":null,"discussionTemplate":null,"language":"XML","large":false,"loggedIn":true,"newDiscussionPath":"/codebasics/potato-disease-classification/discussions/new","newIssuePath":"/codebasics/potato-disease-classification/issues/new","planSupportInfo":{"repoIsFork":null,"repoOwnedByCurrentUser":null,"requestFullPath":"/codebasics/potato-disease-classification/blob/main/mobile-app/ios/mlDemo.xcodeproj/xcshareddata/xcschemes/mlDemo.xcscheme","showFreeOrgGatedFeatureMessage":null,"showPlanSupportBanner":null,"upgradeDataAttributes":null,"upgradePath":null},"publishBannersInfo":{"dismissActionNoticePath":"/settings/dismiss-notice/publish_action_from_dockerfile","dismissStackNoticePath":"/settings/dismiss-notice/publish_stack_from_file","releasePath":"/codebasics/potato-disease-classification/releases/new?marketplace=true","showPublishActionBanner":false,"showPublishStackBanner":false},"renderImageOrRaw":false,"richText":null,"renderedFileInfo":null,"tabSize":8,"topBannersInfo":{"overridingGlobalFundingFile":false,"globalPreferredFundingPath":null,"repoOwner":"codebasics","repoName":"potato-disease-classification","showInvalidCitationWarning":false,"citationHelpUrl":"https://docs.github.com/en/github/creating-cloning-and-archiving-repositories/creating-a-repository-on-github/about-citation-files","showDependabotConfigurationBanner":false,"actionsOnboardingTip":null},"truncated":false,"viewable":true,"workflowRedirectUrl":null,"symbols":{"timedOut":false,"notAnalyzed":true,"symbols":[]}},"csrf_tokens":{"/codebasics/potato-disease-classification/branches":{"post":"Nu_h1ba5oulPlbji5LLZHICeWtLKez9bz1PK8t9HJCZD0jm1PNPWFGAOxR98DymjcSKM_T6ZaaxmUGsf9S4OPg"}}},"title":"potato-disease-classification/mobile-app/ios/mlDemo.xcodeproj/xcshareddata/xcschemes/mlDemo.xcscheme at main · codebasics/potato-disease-classification","locale":"en"}