{"payload":{"allShortcutsEnabled":true,"fileTree":{"mobile-app/ios":{"items":[{"name":"fonts","path":"mobile-app/ios/fonts","contentType":"directory"},{"name":"mlDemo.xcodeproj","path":"mobile-app/ios/mlDemo.xcodeproj","contentType":"directory"},{"name":"mlDemo.xcworkspace","path":"mobile-app/ios/mlDemo.xcworkspace","contentType":"directory"},{"name":"mlDemo","path":"mobile-app/ios/mlDemo","contentType":"directory"},{"name":"mlDemoTests","path":"mobile-app/ios/mlDemoTests","contentType":"directory"},{"name":"Podfile","path":"mobile-app/ios/Podfile","contentType":"file"},{"name":"Podfile.lock","path":"mobile-app/ios/Podfile.lock","contentType":"file"},{"name":"Roboto-Bold.ttf","path":"mobile-app/ios/Roboto-Bold.ttf","contentType":"file"}],"totalCount":8},"mobile-app":{"items":[{"name":"__tests__","path":"mobile-app/__tests__","contentType":"directory"},{"name":"android","path":"mobile-app/android","contentType":"directory"},{"name":"ios","path":"mobile-app/ios","contentType":"directory"},{"name":".buckconfig","path":"mobile-app/.buckconfig","contentType":"file"},{"name":".editorconfig","path":"mobile-app/.editorconfig","contentType":"file"},{"name":".env.example","path":"mobile-app/.env.example","contentType":"file"},{"name":".eslintrc.js","path":"mobile-app/.eslintrc.js","contentType":"file"},{"name":".flowconfig","path":"mobile-app/.flowconfig","contentType":"file"},{"name":".gitattributes","path":"mobile-app/.gitattributes","contentType":"file"},{"name":".gitignore","path":"mobile-app/.gitignore","contentType":"file"},{"name":".prettierrc.js","path":"mobile-app/.prettierrc.js","contentType":"file"},{"name":".watchmanconfig","path":"mobile-app/.watchmanconfig","contentType":"file"},{"name":"App.js","path":"mobile-app/App.js","contentType":"file"},{"name":"Permissions.js","path":"mobile-app/Permissions.js","contentType":"file"},{"name":"app.json","path":"mobile-app/app.json","contentType":"file"},{"name":"babel.config.js","path":"mobile-app/babel.config.js","contentType":"file"},{"name":"index.js","path":"mobile-app/index.js","contentType":"file"},{"name":"metro.config.js","path":"mobile-app/metro.config.js","contentType":"file"},{"name":"package.json","path":"mobile-app/package.json","contentType":"file"},{"name":"yarn.lock","path":"mobile-app/yarn.lock","contentType":"file"}],"totalCount":20},"":{"items":[{"name":"api","path":"api","contentType":"directory"},{"name":"frontend","path":"frontend","contentType":"directory"},{"name":"gcp","path":"gcp","contentType":"directory"},{"name":"mobile-app","path":"mobile-app","contentType":"directory"},{"name":"saved_models","path":"saved_models","contentType":"directory"},{"name":"test_images_from_internet","path":"test_images_from_internet","contentType":"directory"},{"name":"tf-lite-models","path":"tf-lite-models","contentType":"directory"},{"name":"training","path":"training","contentType":"directory"},{"name":".gcloudignore","path":".gcloudignore","contentType":"file"},{"name":".gitignore","path":".gitignore","contentType":"file"},{"name":"README.md","path":"README.md","contentType":"file"},{"name":"models.config.example","path":"models.config.example","contentType":"file"},{"name":"potatoes.h5","path":"potatoes.h5","contentType":"file"}],"totalCount":13}},"fileTreeProcessingTime":8.014363999999999,"foldersToFetch":[],"reducedMotionEnabled":"system","repo":{"id":381362679,"defaultBranch":"main","name":"potato-disease-classification","ownerLogin":"codebasics","currentUserCanPush":false,"isFork":false,"isEmpty":false,"createdAt":"2021-06-29T18:18:39.000+05:30","ownerAvatar":"https://avatars.githubusercontent.com/u/16063416?v=4","public":true,"private":false,"isOrgOwned":true},"refInfo":{"name":"main","listCacheKey":"v0:1624970920.249391","canEdit":true,"refType":"branch","currentOid":"c1960a19cb6973f3b0778ae484f2b099b5d89df6"},"path":"mobile-app/ios/Podfile.lock","currentUser":{"id":138309651,"login":"AlgoGenius422","userEmail":"officialamit558@gmail.com"},"blob":{"rawBlob":"PODS:\n  - boost-for-react-native (1.63.0)\n  - CocoaAsyncSocket (7.6.5)\n  - DoubleConversion (1.1.6)\n  - FBLazyVector (0.64.2)\n  - FBReactNativeSpec (0.64.2):\n    - RCT-Folly (= 2020.01.13.00)\n    - RCTRequired (= 0.64.2)\n    - RCTTypeSafety (= 0.64.2)\n    - React-Core (= 0.64.2)\n    - React-jsi (= 0.64.2)\n    - ReactCommon/turbomodule/core (= 0.64.2)\n  - Flipper (0.75.1):\n    - Flipper-Folly (~> 2.5)\n    - Flipper-RSocket (~> 1.3)\n  - Flipper-DoubleConversion (1.1.7)\n  - Flipper-Folly (2.5.3):\n    - boost-for-react-native\n    - Flipper-DoubleConversion\n    - Flipper-Glog\n    - libevent (~> 2.1.12)\n    - OpenSSL-Universal (= 1.1.180)\n  - Flipper-Glog (0.3.6)\n  - Flipper-PeerTalk (0.0.4)\n  - Flipper-RSocket (1.3.1):\n    - Flipper-Folly (~> 2.5)\n  - FlipperKit (0.75.1):\n    - FlipperKit/Core (= 0.75.1)\n  - FlipperKit/Core (0.75.1):\n    - Flipper (~> 0.75.1)\n    - FlipperKit/CppBridge\n    - FlipperKit/FBCxxFollyDynamicConvert\n    - FlipperKit/FBDefines\n    - FlipperKit/FKPortForwarding\n  - FlipperKit/CppBridge (0.75.1):\n    - Flipper (~> 0.75.1)\n  - FlipperKit/FBCxxFollyDynamicConvert (0.75.1):\n    - Flipper-Folly (~> 2.5)\n  - FlipperKit/FBDefines (0.75.1)\n  - FlipperKit/FKPortForwarding (0.75.1):\n    - CocoaAsyncSocket (~> 7.6)\n    - Flipper-PeerTalk (~> 0.0.4)\n  - FlipperKit/FlipperKitHighlightOverlay (0.75.1)\n  - FlipperKit/FlipperKitLayoutPlugin (0.75.1):\n    - FlipperKit/Core\n    - FlipperKit/FlipperKitHighlightOverlay\n    - FlipperKit/FlipperKitLayoutTextSearchable\n    - YogaKit (~> 1.18)\n  - FlipperKit/FlipperKitLayoutTextSearchable (0.75.1)\n  - FlipperKit/FlipperKitNetworkPlugin (0.75.1):\n    - FlipperKit/Core\n  - FlipperKit/FlipperKitReactPlugin (0.75.1):\n    - FlipperKit/Core\n  - FlipperKit/FlipperKitUserDefaultsPlugin (0.75.1):\n    - FlipperKit/Core\n  - FlipperKit/SKIOSNetworkPlugin (0.75.1):\n    - FlipperKit/Core\n    - FlipperKit/FlipperKitNetworkPlugin\n  - glog (0.3.5)\n  - libevent (2.1.12)\n  - OpenSSL-Universal (1.1.180)\n  - Permission-Camera (3.0.5):\n    - RNPermissions\n  - Permission-PhotoLibrary (3.0.5):\n    - RNPermissions\n  - RCT-Folly (2020.01.13.00):\n    - boost-for-react-native\n    - DoubleConversion\n    - glog\n    - RCT-Folly/Default (= 2020.01.13.00)\n  - RCT-Folly/Default (2020.01.13.00):\n    - boost-for-react-native\n    - DoubleConversion\n    - glog\n  - RCTRequired (0.64.2)\n  - RCTTypeSafety (0.64.2):\n    - FBLazyVector (= 0.64.2)\n    - RCT-Folly (= 2020.01.13.00)\n    - RCTRequired (= 0.64.2)\n    - React-Core (= 0.64.2)\n  - React (0.64.2):\n    - React-Core (= 0.64.2)\n    - React-Core/DevSupport (= 0.64.2)\n    - React-Core/RCTWebSocket (= 0.64.2)\n    - React-RCTActionSheet (= 0.64.2)\n    - React-RCTAnimation (= 0.64.2)\n    - React-RCTBlob (= 0.64.2)\n    - React-RCTImage (= 0.64.2)\n    - React-RCTLinking (= 0.64.2)\n    - React-RCTNetwork (= 0.64.2)\n    - React-RCTSettings (= 0.64.2)\n    - React-RCTText (= 0.64.2)\n    - React-RCTVibration (= 0.64.2)\n  - React-callinvoker (0.64.2)\n  - React-Core (0.64.2):\n    - glog\n    - RCT-Folly (= 2020.01.13.00)\n    - React-Core/Default (= 0.64.2)\n    - React-cxxreact (= 0.64.2)\n    - React-jsi (= 0.64.2)\n    - React-jsiexecutor (= 0.64.2)\n    - React-perflogger (= 0.64.2)\n    - Yoga\n  - React-Core/CoreModulesHeaders (0.64.2):\n    - glog\n    - RCT-Folly (= 2020.01.13.00)\n    - React-Core/Default\n    - React-cxxreact (= 0.64.2)\n    - React-jsi (= 0.64.2)\n    - React-jsiexecutor (= 0.64.2)\n    - React-perflogger (= 0.64.2)\n    - Yoga\n  - React-Core/Default (0.64.2):\n    - glog\n    - RCT-Folly (= 2020.01.13.00)\n    - React-cxxreact (= 0.64.2)\n    - React-jsi (= 0.64.2)\n    - React-jsiexecutor (= 0.64.2)\n    - React-perflogger (= 0.64.2)\n    - Yoga\n  - React-Core/DevSupport (0.64.2):\n    - glog\n    - RCT-Folly (= 2020.01.13.00)\n    - React-Core/Default (= 0.64.2)\n    - React-Core/RCTWebSocket (= 0.64.2)\n    - React-cxxreact (= 0.64.2)\n    - React-jsi (= 0.64.2)\n    - React-jsiexecutor (= 0.64.2)\n    - React-jsinspector (= 0.64.2)\n    - React-perflogger (= 0.64.2)\n    - Yoga\n  - React-Core/RCTActionSheetHeaders (0.64.2):\n    - glog\n    - RCT-Folly (= 2020.01.13.00)\n    - React-Core/Default\n    - React-cxxreact (= 0.64.2)\n    - React-jsi (= 0.64.2)\n    - React-jsiexecutor (= 0.64.2)\n    - React-perflogger (= 0.64.2)\n    - Yoga\n  - React-Core/RCTAnimationHeaders (0.64.2):\n    - glog\n    - RCT-Folly (= 2020.01.13.00)\n    - React-Core/Default\n    - React-cxxreact (= 0.64.2)\n    - React-jsi (= 0.64.2)\n    - React-jsiexecutor (= 0.64.2)\n    - React-perflogger (= 0.64.2)\n    - Yoga\n  - React-Core/RCTBlobHeaders (0.64.2):\n    - glog\n    - RCT-Folly (= 2020.01.13.00)\n    - React-Core/Default\n    - React-cxxreact (= 0.64.2)\n    - React-jsi (= 0.64.2)\n    - React-jsiexecutor (= 0.64.2)\n    - React-perflogger (= 0.64.2)\n    - Yoga\n  - React-Core/RCTImageHeaders (0.64.2):\n    - glog\n    - RCT-Folly (= 2020.01.13.00)\n    - React-Core/Default\n    - React-cxxreact (= 0.64.2)\n    - React-jsi (= 0.64.2)\n    - React-jsiexecutor (= 0.64.2)\n    - React-perflogger (= 0.64.2)\n    - Yoga\n  - React-Core/RCTLinkingHeaders (0.64.2):\n    - glog\n    - RCT-Folly (= 2020.01.13.00)\n    - React-Core/Default\n    - React-cxxreact (= 0.64.2)\n    - React-jsi (= 0.64.2)\n    - React-jsiexecutor (= 0.64.2)\n    - React-perflogger (= 0.64.2)\n    - Yoga\n  - React-Core/RCTNetworkHeaders (0.64.2):\n    - glog\n    - RCT-Folly (= 2020.01.13.00)\n    - React-Core/Default\n    - React-cxxreact (= 0.64.2)\n    - React-jsi (= 0.64.2)\n    - React-jsiexecutor (= 0.64.2)\n    - React-perflogger (= 0.64.2)\n    - Yoga\n  - React-Core/RCTSettingsHeaders (0.64.2):\n    - glog\n    - RCT-Folly (= 2020.01.13.00)\n    - React-Core/Default\n    - React-cxxreact (= 0.64.2)\n    - React-jsi (= 0.64.2)\n    - React-jsiexecutor (= 0.64.2)\n    - React-perflogger (= 0.64.2)\n    - Yoga\n  - React-Core/RCTTextHeaders (0.64.2):\n    - glog\n    - RCT-Folly (= 2020.01.13.00)\n    - React-Core/Default\n    - React-cxxreact (= 0.64.2)\n    - React-jsi (= 0.64.2)\n    - React-jsiexecutor (= 0.64.2)\n    - React-perflogger (= 0.64.2)\n    - Yoga\n  - React-Core/RCTVibrationHeaders (0.64.2):\n    - glog\n    - RCT-Folly (= 2020.01.13.00)\n    - React-Core/Default\n    - React-cxxreact (= 0.64.2)\n    - React-jsi (= 0.64.2)\n    - React-jsiexecutor (= 0.64.2)\n    - React-perflogger (= 0.64.2)\n    - Yoga\n  - React-Core/RCTWebSocket (0.64.2):\n    - glog\n    - RCT-Folly (= 2020.01.13.00)\n    - React-Core/Default (= 0.64.2)\n    - React-cxxreact (= 0.64.2)\n    - React-jsi (= 0.64.2)\n    - React-jsiexecutor (= 0.64.2)\n    - React-perflogger (= 0.64.2)\n    - Yoga\n  - React-CoreModules (0.64.2):\n    - FBReactNativeSpec (= 0.64.2)\n    - RCT-Folly (= 2020.01.13.00)\n    - RCTTypeSafety (= 0.64.2)\n    - React-Core/CoreModulesHeaders (= 0.64.2)\n    - React-jsi (= 0.64.2)\n    - React-RCTImage (= 0.64.2)\n    - ReactCommon/turbomodule/core (= 0.64.2)\n  - React-cxxreact (0.64.2):\n    - boost-for-react-native (= 1.63.0)\n    - DoubleConversion\n    - glog\n    - RCT-Folly (= 2020.01.13.00)\n    - React-callinvoker (= 0.64.2)\n    - React-jsi (= 0.64.2)\n    - React-jsinspector (= 0.64.2)\n    - React-perflogger (= 0.64.2)\n    - React-runtimeexecutor (= 0.64.2)\n  - React-jsi (0.64.2):\n    - boost-for-react-native (= 1.63.0)\n    - DoubleConversion\n    - glog\n    - RCT-Folly (= 2020.01.13.00)\n    - React-jsi/Default (= 0.64.2)\n  - React-jsi/Default (0.64.2):\n    - boost-for-react-native (= 1.63.0)\n    - DoubleConversion\n    - glog\n    - RCT-Folly (= 2020.01.13.00)\n  - React-jsiexecutor (0.64.2):\n    - DoubleConversion\n    - glog\n    - RCT-Folly (= 2020.01.13.00)\n    - React-cxxreact (= 0.64.2)\n    - React-jsi (= 0.64.2)\n    - React-perflogger (= 0.64.2)\n  - React-jsinspector (0.64.2)\n  - react-native-config (1.4.4):\n    - react-native-config/App (= 1.4.4)\n  - react-native-config/App (1.4.4):\n    - React-Core\n  - react-native-image-picker (4.0.4):\n    - React-Core\n  - React-perflogger (0.64.2)\n  - React-RCTActionSheet (0.64.2):\n    - React-Core/RCTActionSheetHeaders (= 0.64.2)\n  - React-RCTAnimation (0.64.2):\n    - FBReactNativeSpec (= 0.64.2)\n    - RCT-Folly (= 2020.01.13.00)\n    - RCTTypeSafety (= 0.64.2)\n    - React-Core/RCTAnimationHeaders (= 0.64.2)\n    - React-jsi (= 0.64.2)\n    - ReactCommon/turbomodule/core (= 0.64.2)\n  - React-RCTBlob (0.64.2):\n    - FBReactNativeSpec (= 0.64.2)\n    - RCT-Folly (= 2020.01.13.00)\n    - React-Core/RCTBlobHeaders (= 0.64.2)\n    - React-Core/RCTWebSocket (= 0.64.2)\n    - React-jsi (= 0.64.2)\n    - React-RCTNetwork (= 0.64.2)\n    - ReactCommon/turbomodule/core (= 0.64.2)\n  - React-RCTImage (0.64.2):\n    - FBReactNativeSpec (= 0.64.2)\n    - RCT-Folly (= 2020.01.13.00)\n    - RCTTypeSafety (= 0.64.2)\n    - React-Core/RCTImageHeaders (= 0.64.2)\n    - React-jsi (= 0.64.2)\n    - React-RCTNetwork (= 0.64.2)\n    - ReactCommon/turbomodule/core (= 0.64.2)\n  - React-RCTLinking (0.64.2):\n    - FBReactNativeSpec (= 0.64.2)\n    - React-Core/RCTLinkingHeaders (= 0.64.2)\n    - React-jsi (= 0.64.2)\n    - ReactCommon/turbomodule/core (= 0.64.2)\n  - React-RCTNetwork (0.64.2):\n    - FBReactNativeSpec (= 0.64.2)\n    - RCT-Folly (= 2020.01.13.00)\n    - RCTTypeSafety (= 0.64.2)\n    - React-Core/RCTNetworkHeaders (= 0.64.2)\n    - React-jsi (= 0.64.2)\n    - ReactCommon/turbomodule/core (= 0.64.2)\n  - React-RCTSettings (0.64.2):\n    - FBReactNativeSpec (= 0.64.2)\n    - RCT-Folly (= 2020.01.13.00)\n    - RCTTypeSafety (= 0.64.2)\n    - React-Core/RCTSettingsHeaders (= 0.64.2)\n    - React-jsi (= 0.64.2)\n    - ReactCommon/turbomodule/core (= 0.64.2)\n  - React-RCTText (0.64.2):\n    - React-Core/RCTTextHeaders (= 0.64.2)\n  - React-RCTVibration (0.64.2):\n    - FBReactNativeSpec (= 0.64.2)\n    - RCT-Folly (= 2020.01.13.00)\n    - React-Core/RCTVibrationHeaders (= 0.64.2)\n    - React-jsi (= 0.64.2)\n    - ReactCommon/turbomodule/core (= 0.64.2)\n  - React-runtimeexecutor (0.64.2):\n    - React-jsi (= 0.64.2)\n  - ReactCommon/turbomodule/core (0.64.2):\n    - DoubleConversion\n    - glog\n    - RCT-Folly (= 2020.01.13.00)\n    - React-callinvoker (= 0.64.2)\n    - React-Core (= 0.64.2)\n    - React-cxxreact (= 0.64.2)\n    - React-jsi (= 0.64.2)\n    - React-perflogger (= 0.64.2)\n  - RNPermissions (3.0.5):\n    - React-Core\n  - TensorFlowLite (1.12.0)\n  - Yoga (1.14.0)\n  - YogaKit (1.18.1):\n    - Yoga (~> 1.14)\n\nDEPENDENCIES:\n  - DoubleConversion (from `../node_modules/react-native/third-party-podspecs/DoubleConversion.podspec`)\n  - FBLazyVector (from `../node_modules/react-native/Libraries/FBLazyVector`)\n  - FBReactNativeSpec (from `../node_modules/react-native/React/FBReactNativeSpec`)\n  - Flipper (~> 0.75.1)\n  - Flipper-DoubleConversion (= 1.1.7)\n  - Flipper-Folly (~> 2.5.3)\n  - Flipper-Glog (= 0.3.6)\n  - Flipper-PeerTalk (~> 0.0.4)\n  - Flipper-RSocket (~> 1.3)\n  - FlipperKit (~> 0.75.1)\n  - FlipperKit/Core (~> 0.75.1)\n  - FlipperKit/CppBridge (~> 0.75.1)\n  - FlipperKit/FBCxxFollyDynamicConvert (~> 0.75.1)\n  - FlipperKit/FBDefines (~> 0.75.1)\n  - FlipperKit/FKPortForwarding (~> 0.75.1)\n  - FlipperKit/FlipperKitHighlightOverlay (~> 0.75.1)\n  - FlipperKit/FlipperKitLayoutPlugin (~> 0.75.1)\n  - FlipperKit/FlipperKitLayoutTextSearchable (~> 0.75.1)\n  - FlipperKit/FlipperKitNetworkPlugin (~> 0.75.1)\n  - FlipperKit/FlipperKitReactPlugin (~> 0.75.1)\n  - FlipperKit/FlipperKitUserDefaultsPlugin (~> 0.75.1)\n  - FlipperKit/SKIOSNetworkPlugin (~> 0.75.1)\n  - glog (from `../node_modules/react-native/third-party-podspecs/glog.podspec`)\n  - Permission-Camera (from `../node_modules/react-native-permissions/ios/Camera`)\n  - Permission-PhotoLibrary (from `../node_modules/react-native-permissions/ios/PhotoLibrary`)\n  - RCT-Folly (from `../node_modules/react-native/third-party-podspecs/RCT-Folly.podspec`)\n  - RCTRequired (from `../node_modules/react-native/Libraries/RCTRequired`)\n  - RCTTypeSafety (from `../node_modules/react-native/Libraries/TypeSafety`)\n  - React (from `../node_modules/react-native/`)\n  - React-callinvoker (from `../node_modules/react-native/ReactCommon/callinvoker`)\n  - React-Core (from `../node_modules/react-native/`)\n  - React-Core/DevSupport (from `../node_modules/react-native/`)\n  - React-Core/RCTWebSocket (from `../node_modules/react-native/`)\n  - React-CoreModules (from `../node_modules/react-native/React/CoreModules`)\n  - React-cxxreact (from `../node_modules/react-native/ReactCommon/cxxreact`)\n  - React-jsi (from `../node_modules/react-native/ReactCommon/jsi`)\n  - React-jsiexecutor (from `../node_modules/react-native/ReactCommon/jsiexecutor`)\n  - React-jsinspector (from `../node_modules/react-native/ReactCommon/jsinspector`)\n  - react-native-config (from `../node_modules/react-native-config`)\n  - react-native-image-picker (from `../node_modules/react-native-image-picker`)\n  - React-perflogger (from `../node_modules/react-native/ReactCommon/reactperflogger`)\n  - React-RCTActionSheet (from `../node_modules/react-native/Libraries/ActionSheetIOS`)\n  - React-RCTAnimation (from `../node_modules/react-native/Libraries/NativeAnimation`)\n  - React-RCTBlob (from `../node_modules/react-native/Libraries/Blob`)\n  - React-RCTImage (from `../node_modules/react-native/Libraries/Image`)\n  - React-RCTLinking (from `../node_modules/react-native/Libraries/LinkingIOS`)\n  - React-RCTNetwork (from `../node_modules/react-native/Libraries/Network`)\n  - React-RCTSettings (from `../node_modules/react-native/Libraries/Settings`)\n  - React-RCTText (from `../node_modules/react-native/Libraries/Text`)\n  - React-RCTVibration (from `../node_modules/react-native/Libraries/Vibration`)\n  - React-runtimeexecutor (from `../node_modules/react-native/ReactCommon/runtimeexecutor`)\n  - ReactCommon/turbomodule/core (from `../node_modules/react-native/ReactCommon`)\n  - RNPermissions (from `../node_modules/react-native-permissions`)\n  - TensorFlowLite (= 1.12.0)\n  - Yoga (from `../node_modules/react-native/ReactCommon/yoga`)\n\nSPEC REPOS:\n  trunk:\n    - boost-for-react-native\n    - CocoaAsyncSocket\n    - Flipper\n    - Flipper-DoubleConversion\n    - Flipper-Folly\n    - Flipper-Glog\n    - Flipper-PeerTalk\n    - Flipper-RSocket\n    - FlipperKit\n    - libevent\n    - OpenSSL-Universal\n    - TensorFlowLite\n    - YogaKit\n\nEXTERNAL SOURCES:\n  DoubleConversion:\n    :podspec: \"../node_modules/react-native/third-party-podspecs/DoubleConversion.podspec\"\n  FBLazyVector:\n    :path: \"../node_modules/react-native/Libraries/FBLazyVector\"\n  FBReactNativeSpec:\n    :path: \"../node_modules/react-native/React/FBReactNativeSpec\"\n  glog:\n    :podspec: \"../node_modules/react-native/third-party-podspecs/glog.podspec\"\n  Permission-Camera:\n    :path: \"../node_modules/react-native-permissions/ios/Camera\"\n  Permission-PhotoLibrary:\n    :path: \"../node_modules/react-native-permissions/ios/PhotoLibrary\"\n  RCT-Folly:\n    :podspec: \"../node_modules/react-native/third-party-podspecs/RCT-Folly.podspec\"\n  RCTRequired:\n    :path: \"../node_modules/react-native/Libraries/RCTRequired\"\n  RCTTypeSafety:\n    :path: \"../node_modules/react-native/Libraries/TypeSafety\"\n  React:\n    :path: \"../node_modules/react-native/\"\n  React-callinvoker:\n    :path: \"../node_modules/react-native/ReactCommon/callinvoker\"\n  React-Core:\n    :path: \"../node_modules/react-native/\"\n  React-CoreModules:\n    :path: \"../node_modules/react-native/React/CoreModules\"\n  React-cxxreact:\n    :path: \"../node_modules/react-native/ReactCommon/cxxreact\"\n  React-jsi:\n    :path: \"../node_modules/react-native/ReactCommon/jsi\"\n  React-jsiexecutor:\n    :path: \"../node_modules/react-native/ReactCommon/jsiexecutor\"\n  React-jsinspector:\n    :path: \"../node_modules/react-native/ReactCommon/jsinspector\"\n  react-native-config:\n    :path: \"../node_modules/react-native-config\"\n  react-native-image-picker:\n    :path: \"../node_modules/react-native-image-picker\"\n  React-perflogger:\n    :path: \"../node_modules/react-native/ReactCommon/reactperflogger\"\n  React-RCTActionSheet:\n    :path: \"../node_modules/react-native/Libraries/ActionSheetIOS\"\n  React-RCTAnimation:\n    :path: \"../node_modules/react-native/Libraries/NativeAnimation\"\n  React-RCTBlob:\n    :path: \"../node_modules/react-native/Libraries/Blob\"\n  React-RCTImage:\n    :path: \"../node_modules/react-native/Libraries/Image\"\n  React-RCTLinking:\n    :path: \"../node_modules/react-native/Libraries/LinkingIOS\"\n  React-RCTNetwork:\n    :path: \"../node_modules/react-native/Libraries/Network\"\n  React-RCTSettings:\n    :path: \"../node_modules/react-native/Libraries/Settings\"\n  React-RCTText:\n    :path: \"../node_modules/react-native/Libraries/Text\"\n  React-RCTVibration:\n    :path: \"../node_modules/react-native/Libraries/Vibration\"\n  React-runtimeexecutor:\n    :path: \"../node_modules/react-native/ReactCommon/runtimeexecutor\"\n  ReactCommon:\n    :path: \"../node_modules/react-native/ReactCommon\"\n  RNPermissions:\n    :path: \"../node_modules/react-native-permissions\"\n  Yoga:\n    :path: \"../node_modules/react-native/ReactCommon/yoga\"\n\nSPEC CHECKSUMS:\n  boost-for-react-native: 39c7adb57c4e60d6c5479dd8623128eb5b3f0f2c\n  CocoaAsyncSocket: 065fd1e645c7abab64f7a6a2007a48038fdc6a99\n  DoubleConversion: cf9b38bf0b2d048436d9a82ad2abe1404f11e7de\n  FBLazyVector: e686045572151edef46010a6f819ade377dfeb4b\n  FBReactNativeSpec: 45781490bf3049e927c022606637371887d2ce86\n  Flipper: d3da1aa199aad94455ae725e9f3aa43f3ec17021\n  Flipper-DoubleConversion: 38631e41ef4f9b12861c67d17cb5518d06badc41\n  Flipper-Folly: 755929a4f851b2fb2c347d533a23f191b008554c\n  Flipper-Glog: 1dfd6abf1e922806c52ceb8701a3599a79a200a6\n  Flipper-PeerTalk: 116d8f857dc6ef55c7a5a75ea3ceaafe878aadc9\n  Flipper-RSocket: 127954abe8b162fcaf68d2134d34dc2bd7076154\n  FlipperKit: 8a20b5c5fcf9436cac58551dc049867247f64b00\n  glog: 73c2498ac6884b13ede40eda8228cb1eee9d9d62\n  libevent: 4049cae6c81cdb3654a443be001fb9bdceff7913\n  OpenSSL-Universal: 1aa4f6a6ee7256b83db99ec1ccdaa80d10f9af9b\n  Permission-Camera: ac603073e4128e51e6ca3c39129778f05b4082fa\n  Permission-PhotoLibrary: 0748c1a490fad126dfe36dbea8234dedfe59cc27\n  RCT-Folly: ec7a233ccc97cc556cf7237f0db1ff65b986f27c\n  RCTRequired: 6d3e854f0e7260a648badd0d44fc364bc9da9728\n  RCTTypeSafety: c1f31d19349c6b53085766359caac425926fafaa\n  React: bda6b6d7ae912de97d7a61aa5c160db24aa2ad69\n  React-callinvoker: 9840ea7e8e88ed73d438edb725574820b29b5baa\n  React-Core: b5e385da7ce5f16a220fc60fd0749eae2c6120f0\n  React-CoreModules: 17071a4e2c5239b01585f4aa8070141168ab298f\n  React-cxxreact: 9be7b6340ed9f7c53e53deca7779f07cd66525ba\n  React-jsi: 67747b9722f6dab2ffe15b011bcf6b3f2c3f1427\n  React-jsiexecutor: 80c46bd381fd06e418e0d4f53672dc1d1945c4c3\n  React-jsinspector: cc614ec18a9ca96fd275100c16d74d62ee11f0ae\n  react-native-config: 72d948053a442779b3178fddd571e37f118ef606\n  react-native-image-picker: c07b072faa83f3480b473a15ea3c19cc39b3d6fa\n  React-perflogger: 25373e382fed75ce768a443822f07098a15ab737\n  React-RCTActionSheet: af7796ba49ffe4ca92e7277a5d992d37203f7da5\n  React-RCTAnimation: 6a2e76ab50c6f25b428d81b76a5a45351c4d77aa\n  React-RCTBlob: 02a2887023e0eed99391b6445b2e23a2a6f9226d\n  React-RCTImage: ce5bf8e7438f2286d9b646a05d6ab11f38b0323d\n  React-RCTLinking: ccd20742de14e020cb5f99d5c7e0bf0383aefbd9\n  React-RCTNetwork: dfb9d089ab0753e5e5f55fc4b1210858f7245647\n  React-RCTSettings: b14aef2d83699e48b410fb7c3ba5b66cd3291ae2\n  React-RCTText: 41a2e952dd9adc5caf6fb68ed46b275194d5da5f\n  React-RCTVibration: 24600e3b1aaa77126989bc58b6747509a1ba14f3\n  React-runtimeexecutor: a9904c6d0218fb9f8b19d6dd88607225927668f9\n  ReactCommon: 149906e01aa51142707a10665185db879898e966\n  RNPermissions: 7043bacbf928eae25808275cfe73799b8f618911\n  TensorFlowLite: e81aef029750aa46b42ad16553fa4cddd81498cc\n  Yoga: 575c581c63e0d35c9a83f4b46d01d63abc1100ac\n  YogaKit: f782866e155069a2cca2517aafea43200b01fd5a\n\nPODFILE CHECKSUM: 2d2fe6349cd6f376e57e8bd44d01cbc700de6709\n\nCOCOAPODS: 1.10.1\n","colorizedLines":null,"stylingDirectives":null,"csv":null,"csvError":null,"dependabotInfo":{"showConfigurationBanner":false,"configFilePath":null,"networkDependabotPath":"/codebasics/potato-disease-classification/network/updates","dismissConfigurationNoticePath":"/settings/dismiss-notice/dependabot_configuration_notice","configurationNoticeDismissed":false,"repoAlertsPath":"/codebasics/potato-disease-classification/security/dependabot","repoSecurityAndAnalysisPath":"/codebasics/potato-disease-classification/settings/security_analysis","repoOwnerIsOrg":true,"currentUserCanAdminRepo":false},"displayName":"Podfile.lock","displayUrl":"https://github.com/codebasics/potato-disease-classification/blob/main/mobile-app/ios/Podfile.lock?raw=true","headerInfo":{"blobSize":"19.1 KB","deleteInfo":{"deletePath":"https://github.com/codebasics/potato-disease-classification/delete/main/mobile-app/ios/Podfile.lock","deleteTooltip":"Fork this repository and delete the file"},"editInfo":{"editTooltip":"Fork this repository and edit the file"},"ghDesktopPath":"https://desktop.github.com","gitLfsPath":null,"onBranch":true,"shortPath":"16a14aa","siteNavLoginPath":"/login?return_to=https%3A%2F%2Fgithub.com%2Fcodebasics%2Fpotato-disease-classification%2Fblob%2Fmain%2Fmobile-app%2Fios%2FPodfile.lock","isCSV":false,"isRichtext":false,"toc":null,"lineInfo":{"truncatedLoc":"527","truncatedSloc":"521"},"mode":"file"},"image":false,"isCodeownersFile":null,"isValidLegacyIssueTemplate":false,"issueTemplateHelpUrl":"https://docs.github.com/articles/about-issue-and-pull-request-templates","issueTemplate":null,"discussionTemplate":null,"language":null,"large":false,"loggedIn":true,"newDiscussionPath":"/codebasics/potato-disease-classification/discussions/new","newIssuePath":"/codebasics/potato-disease-classification/issues/new","planSupportInfo":{"repoIsFork":null,"repoOwnedByCurrentUser":null,"requestFullPath":"/codebasics/potato-disease-classification/blob/main/mobile-app/ios/Podfile.lock","showFreeOrgGatedFeatureMessage":null,"showPlanSupportBanner":null,"upgradeDataAttributes":null,"upgradePath":null},"publishBannersInfo":{"dismissActionNoticePath":"/settings/dismiss-notice/publish_action_from_dockerfile","dismissStackNoticePath":"/settings/dismiss-notice/publish_stack_from_file","releasePath":"/codebasics/potato-disease-classification/releases/new?marketplace=true","showPublishActionBanner":false,"showPublishStackBanner":false},"renderImageOrRaw":false,"richText":null,"renderedFileInfo":null,"tabSize":8,"topBannersInfo":{"overridingGlobalFundingFile":false,"globalPreferredFundingPath":null,"repoOwner":"codebasics","repoName":"potato-disease-classification","showInvalidCitationWarning":false,"citationHelpUrl":"https://docs.github.com/en/github/creating-cloning-and-archiving-repositories/creating-a-repository-on-github/about-citation-files","showDependabotConfigurationBanner":false,"actionsOnboardingTip":null},"truncated":false,"viewable":true,"workflowRedirectUrl":null,"symbols":{"timedOut":false,"notAnalyzed":false,"symbols":[]}},"csrf_tokens":{"/codebasics/potato-disease-classification/branches":{"post":"kbRtrNHc7VbXHRsd2yxYCuusv6kTPrml3D4wvBRicNLkibXMW7aZq_iGZuBDkai1GhBphufc71J1PZFRPgtayg"}}},"title":"potato-disease-classification/mobile-app/ios/Podfile.lock at main · codebasics/potato-disease-classification","locale":"en"}